
Microsoft Visual Studio Solution File, Format Version 12.00
# Visual Studio 14
VisualStudioVersion = 14.0.25420.1
MinimumVisualStudioVersion = 10.0.40219.1
Project("{FAE04EC0-301F-11D3-BF4B-00C04F79EFBC}") = "jqModalDialogParam", "jqModalDialogParam\jqModalDialogParam.csproj", "{930FFA77-F2B2-45B1-97A6-4AD5C5CB889E}"
EndProject
Project("{2150E333-8FDC-42A3-9474-1A3956D46DE8}") = "Solution Items", "Solution Items", "{7C51372D-A610-4285-BA90-88BFD2E3D1B3}"
	ProjectSection(SolutionItems) = preProject
		README.md = README.md
	EndProjectSection
EndProject
Global
	GlobalSection(SolutionConfigurationPlatforms) = preSolution
		Debug|Any CPU = Debug|Any CPU
		Release|Any CPU = Release|Any CPU
	EndGlobalSection
	GlobalSection(ProjectConfigurationPlatforms) = postSolution
		{930FFA77-F2B2-45B1-97A6-4AD5C5CB889E}.Debug|Any CPU.ActiveCfg = Debug|Any CPU
		{930FFA77-F2B2-45B1-97A6-4AD5C5CB889E}.Debug|Any CPU.Build.0 = Debug|Any CPU
		{930FFA77-F2B2-45B1-97A6-4AD5C5CB889E}.Release|Any CPU.ActiveCfg = Release|Any CPU
		{930FFA77-F2B2-45B1-97A6-4AD5C5CB889E}.Release|Any CPU.Build.0 = Release|Any CPU
	EndGlobalSection
	GlobalSection(SolutionProperties) = preSolution
		HideSolutionNode = FALSE
	EndGlobalSection
EndGlobal
